
Microsoft Visual Studio Solution File, Format Version 12.00
# Visual Studio Version 17
VisualStudioVersion = 17.3.32825.248
MinimumVisualStudioVersion = 10.0.40219.1
Project("{FAE04EC0-301F-11D3-BF4B-00C04F79EFBC}") = "hw 06.10", "hw 06.10\hw 06.10.csproj", "{4795368F-F4B3-4E0D-8A9C-3F8DF5A89400}"
EndProject
Project("{FAE04EC0-301F-11D3-BF4B-00C04F79EFBC}") = "tumakov5gl", "tumakov5gl\tumakov5gl.csproj", "{F6F3598E-0D90-4683-9187-AC1F2493A8A0}"
EndProject
Global
	GlobalSection(SolutionConfigurationPlatforms) = preSolution
		Debug|Any CPU = Debug|Any CPU
		Release|Any CPU = Release|Any CPU
	EndGlobalSection
	GlobalSection(ProjectConfigurationPlatforms) = postSolution
		{4795368F-F4B3-4E0D-8A9C-3F8DF5A89400}.Debug|Any CPU.ActiveCfg = Debug|Any CPU
		{4795368F-F4B3-4E0D-8A9C-3F8DF5A89400}.Debug|Any CPU.Build.0 = Debug|Any CPU
		{4795368F-F4B3-4E0D-8A9C-3F8DF5A89400}.Release|Any CPU.ActiveCfg = Release|Any CPU
		{4795368F-F4B3-4E0D-8A9C-3F8DF5A89400}.Release|Any CPU.Build.0 = Release|Any CPU
		{F6F3598E-0D90-4683-9187-AC1F2493A8A0}.Debug|Any CPU.ActiveCfg = Debug|Any CPU
		{F6F3598E-0D90-4683-9187-AC1F2493A8A0}.Debug|Any CPU.Build.0 = Debug|Any CPU
		{F6F3598E-0D90-4683-9187-AC1F2493A8A0}.Release|Any CPU.ActiveCfg = Release|Any CPU
		{F6F3598E-0D90-4683-9187-AC1F2493A8A0}.Release|Any CPU.Build.0 = Release|Any CPU
	EndGlobalSection
	GlobalSection(SolutionProperties) = preSolution
		HideSolutionNode = FALSE
	EndGlobalSection
	GlobalSection(ExtensibilityGlobals) = postSolution
		SolutionGuid = {69A74EA8-F15C-4D1F-8845-CEB66E33266A}
	EndGlobalSection
EndGlobal
